
Microsoft Visual Studio Solution File, Format Version 12.00
# Visual Studio 15
VisualStudioVersion = 15.0.27703.2042
MinimumVisualStudioVersion = 10.0.40219.1
Project("{FAE04EC0-301F-11D3-BF4B-00C04F79EFBC}") = "BankGuarantee.Desktop", "BankGuarantee.Desktop\BankGuarantee.Desktop.csproj", "{E713A2C5-A7B7-4AB7-92D4-7191F74F5D6F}"
EndProject
Project("{FAE04EC0-301F-11D3-BF4B-00C04F79EFBC}") = "BankGuarantee.Domain", "BankGuarantee.Domain\BankGuarantee.Domain.csproj", "{8B4F4295-0DB3-4A31-B74A-A76372A1B569}"
EndProject
Global
	GlobalSection(SolutionConfigurationPlatforms) = preSolution
		Debug|Any CPU = Debug|Any CPU
		Release|Any CPU = Release|Any CPU
	EndGlobalSection
	GlobalSection(ProjectConfigurationPlatforms) = postSolution
		{E713A2C5-A7B7-4AB7-92D4-7191F74F5D6F}.Debug|Any CPU.ActiveCfg = Debug|Any CPU
		{E713A2C5-A7B7-4AB7-92D4-7191F74F5D6F}.Debug|Any CPU.Build.0 = Debug|Any CPU
		{E713A2C5-A7B7-4AB7-92D4-7191F74F5D6F}.Release|Any CPU.ActiveCfg = Release|Any CPU
		{E713A2C5-A7B7-4AB7-92D4-7191F74F5D6F}.Release|Any CPU.Build.0 = Release|Any CPU
		{8B4F4295-0DB3-4A31-B74A-A76372A1B569}.Debug|Any CPU.ActiveCfg = Debug|Any CPU
		{8B4F4295-0DB3-4A31-B74A-A76372A1B569}.Debug|Any CPU.Build.0 = Debug|Any CPU
		{8B4F4295-0DB3-4A31-B74A-A76372A1B569}.Release|Any CPU.ActiveCfg = Release|Any CPU
		{8B4F4295-0DB3-4A31-B74A-A76372A1B569}.Release|Any CPU.Build.0 = Release|Any CPU
	EndGlobalSection
	GlobalSection(SolutionProperties) = preSolution
		HideSolutionNode = FALSE
	EndGlobalSection
	GlobalSection(ExtensibilityGlobals) = postSolution
		SolutionGuid = {B8E7FF72-A740-4752-B8DB-A87B8D76D3FA}
	EndGlobalSection
EndGlobal
